
Microsoft Visual Studio Solution File, Format Version 12.00
# Visual Studio Version 17
VisualStudioVersion = 17.13.35931.197 d17.13
MinimumVisualStudioVersion = 10.0.40219.1
Project("{FAE04EC0-301F-11D3-BF4B-00C04F79EFBC}") = "PasteTool", "PasteTool\PasteTool.csproj", "{5D821A88-A49D-450D-8E67-079806227ED5}"
EndProject
Global
	GlobalSection(SolutionConfigurationPlatforms) = preSolution
		Debug|Any CPU = Debug|Any CPU
		Release|Any CPU = Release|Any CPU
	EndGlobalSection
	GlobalSection(ProjectConfigurationPlatforms) = postSolution
		{5D821A88-A49D-450D-8E67-079806227ED5}.Debug|Any CPU.ActiveCfg = Debug|Any CPU
		{5D821A88-A49D-450D-8E67-079806227ED5}.Debug|Any CPU.Build.0 = Debug|Any CPU
		{5D821A88-A49D-450D-8E67-079806227ED5}.Release|Any CPU.ActiveCfg = Release|Any CPU
		{5D821A88-A49D-450D-8E67-079806227ED5}.Release|Any CPU.Build.0 = Release|Any CPU
	EndGlobalSection
	GlobalSection(SolutionProperties) = preSolution
		HideSolutionNode = FALSE
	EndGlobalSection
	GlobalSection(ExtensibilityGlobals) = postSolution
		SolutionGuid = {2E5CDD4C-4A23-4FAA-BAF7-88FD0ADC2F9C}
	EndGlobalSection
EndGlobal
